
Microsoft Visual Studio Solution File, Format Version 12.00
# Visual Studio Version 16
VisualStudioVersion = 16.0.29326.143
MinimumVisualStudioVersion = 10.0.40219.1
Project("{9A19103F-16F7-4668-BE54-9A1E7A4F7556}") = "Stattrac.Reporting", "Stattrac.Reporting\Stattrac.Reporting.csproj", "{279E3EBF-AC27-44D9-B5F7-ABED885AAD02}"
EndProject
Global
	GlobalSection(SolutionConfigurationPlatforms) = preSolution
		Debug|Any CPU = Debug|Any CPU
		Release|Any CPU = Release|Any CPU
		Test|Any CPU = Test|Any CPU
	EndGlobalSection
	GlobalSection(ProjectConfigurationPlatforms) = postSolution
		{279E3EBF-AC27-44D9-B5F7-ABED885AAD02}.Debug|Any CPU.ActiveCfg = Debug|Any CPU
		{279E3EBF-AC27-44D9-B5F7-ABED885AAD02}.Debug|Any CPU.Build.0 = Debug|Any CPU
		{279E3EBF-AC27-44D9-B5F7-ABED885AAD02}.Release|Any CPU.ActiveCfg = Release|Any CPU
		{279E3EBF-AC27-44D9-B5F7-ABED885AAD02}.Release|Any CPU.Build.0 = Release|Any CPU
		{279E3EBF-AC27-44D9-B5F7-ABED885AAD02}.Test|Any CPU.ActiveCfg = Test|Any CPU
		{279E3EBF-AC27-44D9-B5F7-ABED885AAD02}.Test|Any CPU.Build.0 = Test|Any CPU
	EndGlobalSection
	GlobalSection(SolutionProperties) = preSolution
		HideSolutionNode = FALSE
	EndGlobalSection
	GlobalSection(ExtensibilityGlobals) = postSolution
		SolutionGuid = {463BCD06-B94A-4AD9-8D46-D1BD74CFA1EB}
	EndGlobalSection
	GlobalSection(TeamFoundationVersionControl) = preSolution
		SccNumberOfProjects = 2
		SccEnterpriseProvider = {4CA58AB2-18FA-4F8D-95D4-32DDF27D184C}
		SccTeamFoundationServer = https://dev.azure.com/statline
		SccLocalPath0 = .
		SccProjectUniqueName1 = Stattrac.Reporting\\Stattrac.Reporting.csproj
		SccProjectName1 = Stattrac.Reporting
		SccLocalPath1 = Stattrac.Reporting
	EndGlobalSection
EndGlobal
