
Microsoft Visual Studio Solution File, Format Version 12.00
# Visual Studio Version 16
VisualStudioVersion = 16.0.29920.165
MinimumVisualStudioVersion = 10.0.40219.1
Project("{2150E333-8FDC-42A3-9474-1A3956D46DE8}") = "Solution Items", "Solution Items", "{2AE1BBC1-199E-4D1B-9DA0-BEB29FB3DA2F}"
	ProjectSection(SolutionItems) = preProject
		NuGet.Config = NuGet.Config
	EndProjectSection
EndProject
Project("{2150E333-8FDC-42A3-9474-1A3956D46DE8}") = "Configuration", "Configuration", "{0CC2AA65-6275-4EAB-9140-AC29507EB2EB}"
EndProject
Project("{2150E333-8FDC-42A3-9474-1A3956D46DE8}") = "Production", "Production", "{1817D402-7A3F-40D1-9AB7-0505704DA589}"
EndProject
Project("{2150E333-8FDC-42A3-9474-1A3956D46DE8}") = "dbCommandFile", "dbCommandFile", "{30E64A71-66A9-4B5C-8839-2B602F16B1AE}"
	ProjectSection(SolutionItems) = preProject
		Solution Items\dbCommandFile\BuildSQLFile.cmd = Solution Items\dbCommandFile\BuildSQLFile.cmd
	EndProjectSection
EndProject
Project("{2150E333-8FDC-42A3-9474-1A3956D46DE8}") = "Reference", "Reference", "{E7685257-157F-471B-8C23-ECF70E56CF9E}"
	ProjectSection(SolutionItems) = preProject
		Solution Items\Reference\CustomDictionary.xml = Solution Items\Reference\CustomDictionary.xml
		Solution Items\Reference\SharedAssemblyInfo.cs = Solution Items\Reference\SharedAssemblyInfo.cs
		Solution Items\Reference\StatLine.pfx = Solution Items\Reference\StatLine.pfx
		Solution Items\Reference\StatLine.snk = Solution Items\Reference\StatLine.snk
		Solution Items\Reference\StatTracKey.xml = Solution Items\Reference\StatTracKey.xml
	EndProjectSection
EndProject
Project("{FAE04EC0-301F-11D3-BF4B-00C04F79EFBC}") = "Statline.Stattrac.Windows.UI", "Windows\UI\Statline.Stattrac.Windows.UI.csproj", "{F96C15B5-53CD-4669-96D5-11E8E94044F4}"
EndProject
Project("{FAE04EC0-301F-11D3-BF4B-00C04F79EFBC}") = "Statline.Stattrac.Windows", "Windows\Statline.Stattrac.Windows.csproj", "{2501A2E5-DE77-4767-B84F-7C2788CB4F9D}"
EndProject
Project("{FAE04EC0-301F-11D3-BF4B-00C04F79EFBC}") = "Statline.Stattrac.Framework", "Framework\Statline.Stattrac.Framework.csproj", "{32AC6F34-9A54-4342-B3DE-EA64077D0C46}"
EndProject
Project("{FAE04EC0-301F-11D3-BF4B-00C04F79EFBC}") = "Statline.Stattrac.Data.Types", "Data\Types\Statline.Stattrac.Data.Types.csproj", "{C2D6EFBE-279F-42B1-B0BC-F2862693ECD9}"
EndProject
Project("{FAE04EC0-301F-11D3-BF4B-00C04F79EFBC}") = "Statline.Stattrac.BusinessRules", "BusinessRules\Statline.Stattrac.BusinessRules.csproj", "{E02CDDB9-B7FA-4ABE-B957-8F7F08668211}"
EndProject
Project("{FAE04EC0-301F-11D3-BF4B-00C04F79EFBC}") = "Statline.Stattrac.DataAccess", "DataAccess\Statline.Stattrac.DataAccess.csproj", "{051E4E3D-08C7-4D79-BEB2-079F61FAB90B}"
EndProject
Project("{FAE04EC0-301F-11D3-BF4B-00C04F79EFBC}") = "Statline.Stattrac.SetupCustomAction", "SetupCustomAction\Statline.Stattrac.SetupCustomAction.csproj", "{22B9A1FA-46A4-4826-970D-5321B260F42E}"
EndProject
Project("{FAE04EC0-301F-11D3-BF4B-00C04F79EFBC}") = "Statline.Stattrac.Constant", "Constant\Statline.Stattrac.Constant.csproj", "{71627A9C-06CA-4157-8F0D-4C68D2668424}"
EndProject
Project("{FAE04EC0-301F-11D3-BF4B-00C04F79EFBC}") = "Statline.Stattrac.NetworkSetup", "NetworkSetup\Statline.Stattrac.NetworkSetup.csproj", "{8150B163-159A-4F90-9454-B986D471C8F1}"
EndProject
Project("{FAE04EC0-301F-11D3-BF4B-00C04F79EFBC}") = "Statline.Stattrac.Test", "Statline.StatTrac.Test\Statline.Stattrac.Test.csproj", "{2F9810B0-CA82-45B3-9AC9-F4B5915F23F7}"
EndProject
Project("{FAE04EC0-301F-11D3-BF4B-00C04F79EFBC}") = "Statline.Stattrac.Security", "Security\Statline.Stattrac.Security.csproj", "{2A224CE9-C53E-480F-B7FC-675EFBE187B0}"
EndProject
Project("{FAE04EC0-301F-11D3-BF4B-00C04F79EFBC}") = "Statline.Stattrac.Common", "Common\Statline.Stattrac.Common.csproj", "{626A7991-A1F9-4F2D-B8E4-3EA411D60814}"
EndProject
Project("{F184B08F-C81C-45F6-A57F-5ABD9991F28F}") = "Stattrac", "Windows\VBUI\Stattrac.vbproj", "{3061B709-14AF-42DE-A9D6-212606C5FF51}"
	ProjectSection(ProjectDependencies) = postProject
		{D432F030-D126-4D0F-A539-FA90DECEC972} = {D432F030-D126-4D0F-A539-FA90DECEC972}
	EndProjectSection
EndProject
Project("{FAE04EC0-301F-11D3-BF4B-00C04F79EFBC}") = "Statline.Stattrac.Windows.Controls", "Windows\Controls\Statline.Stattrac.Windows.Controls.csproj", "{D432F030-D126-4D0F-A539-FA90DECEC972}"
EndProject
Project("{FAE04EC0-301F-11D3-BF4B-00C04F79EFBC}") = "Statline.Stattrac.Windows.VBUIMap", "Windows\VBUIMap\Statline.Stattrac.Windows.VBUIMap.csproj", "{05CB08C8-4472-4528-859D-ACF86EE9CC3D}"
EndProject
Project("{FAE04EC0-301F-11D3-BF4B-00C04F79EFBC}") = "Statline.Stattrac.Windows.CSharpUIMap", "Windows\CSharpUIMap\Statline.Stattrac.Windows.CSharpUIMap.csproj", "{5990E464-6EB4-4B7F-A67D-C3C8DF12D97E}"
EndProject
Project("{FAE04EC0-301F-11D3-BF4B-00C04F79EFBC}") = "SolutionItems", "SolutionItems\SolutionItems.csproj", "{EB136E15-C20A-4E9C-A027-19D4EB943D26}"
EndProject
Project("{00D1A9C2-B5F0-4AF3-8072-F6C62B433612}") = "Statline.Stattrac.Database", "Database\Statline.Stattrac.Database.sqlproj", "{67CBC824-A49E-4E9B-A947-360F3DFE65C3}"
EndProject
Project("{FAE04EC0-301F-11D3-BF4B-00C04F79EFBC}") = "Statline.Stattrac.DlaTranslator", "DlaTranslator\Statline.Stattrac.DlaTranslator.csproj", "{724188FC-E56B-4962-8C7A-76F49F9BA894}"
EndProject
Project("{9A19103F-16F7-4668-BE54-9A1E7A4F7556}") = "StattracCS", "Windows\CSUI\StattracCS.csproj", "{A0385BBC-B00B-40B7-B9A6-081FEE533B76}"
EndProject
Project("{FAE04EC0-301F-11D3-BF4B-00C04F79EFBC}") = "StattracCS.Tests", "Windows\StattracCS.Tests\StattracCS.Tests.csproj", "{071D5A34-E7F5-412B-A716-34E24F72E5B2}"
EndProject
Global
	GlobalSection(SolutionConfigurationPlatforms) = preSolution
		Debug|Any CPU = Debug|Any CPU
		Debug|x86 = Debug|x86
		Production|Any CPU = Production|Any CPU
		Production|x86 = Production|x86
		Release|Any CPU = Release|Any CPU
		Release|x86 = Release|x86
	EndGlobalSection
	GlobalSection(ProjectConfigurationPlatforms) = postSolution
		{F96C15B5-53CD-4669-96D5-11E8E94044F4}.Debug|Any CPU.ActiveCfg = Debug|x86
		{F96C15B5-53CD-4669-96D5-11E8E94044F4}.Debug|Any CPU.Build.0 = Debug|x86
		{F96C15B5-53CD-4669-96D5-11E8E94044F4}.Debug|x86.ActiveCfg = Debug|x86
		{F96C15B5-53CD-4669-96D5-11E8E94044F4}.Debug|x86.Build.0 = Debug|x86
		{F96C15B5-53CD-4669-96D5-11E8E94044F4}.Debug|x86.Deploy.0 = Debug|x86
		{F96C15B5-53CD-4669-96D5-11E8E94044F4}.Production|Any CPU.ActiveCfg = Release|Any CPU
		{F96C15B5-53CD-4669-96D5-11E8E94044F4}.Production|Any CPU.Build.0 = Release|Any CPU
		{F96C15B5-53CD-4669-96D5-11E8E94044F4}.Production|x86.ActiveCfg = Release|x86
		{F96C15B5-53CD-4669-96D5-11E8E94044F4}.Production|x86.Build.0 = Release|x86
		{F96C15B5-53CD-4669-96D5-11E8E94044F4}.Release|Any CPU.ActiveCfg = Release|Any CPU
		{F96C15B5-53CD-4669-96D5-11E8E94044F4}.Release|Any CPU.Build.0 = Release|Any CPU
		{F96C15B5-53CD-4669-96D5-11E8E94044F4}.Release|x86.ActiveCfg = Release|x86
		{F96C15B5-53CD-4669-96D5-11E8E94044F4}.Release|x86.Build.0 = Release|x86
		{2501A2E5-DE77-4767-B84F-7C2788CB4F9D}.Debug|Any CPU.ActiveCfg = Debug|x86
		{2501A2E5-DE77-4767-B84F-7C2788CB4F9D}.Debug|Any CPU.Build.0 = Debug|x86
		{2501A2E5-DE77-4767-B84F-7C2788CB4F9D}.Debug|x86.ActiveCfg = Debug|x86
		{2501A2E5-DE77-4767-B84F-7C2788CB4F9D}.Debug|x86.Build.0 = Debug|x86
		{2501A2E5-DE77-4767-B84F-7C2788CB4F9D}.Production|Any CPU.ActiveCfg = Release|Any CPU
		{2501A2E5-DE77-4767-B84F-7C2788CB4F9D}.Production|Any CPU.Build.0 = Release|Any CPU
		{2501A2E5-DE77-4767-B84F-7C2788CB4F9D}.Production|x86.ActiveCfg = Release|x86
		{2501A2E5-DE77-4767-B84F-7C2788CB4F9D}.Production|x86.Build.0 = Release|x86
		{2501A2E5-DE77-4767-B84F-7C2788CB4F9D}.Release|Any CPU.ActiveCfg = Release|Any CPU
		{2501A2E5-DE77-4767-B84F-7C2788CB4F9D}.Release|Any CPU.Build.0 = Release|Any CPU
		{2501A2E5-DE77-4767-B84F-7C2788CB4F9D}.Release|x86.ActiveCfg = Release|x86
		{2501A2E5-DE77-4767-B84F-7C2788CB4F9D}.Release|x86.Build.0 = Release|x86
		{32AC6F34-9A54-4342-B3DE-EA64077D0C46}.Debug|Any CPU.ActiveCfg = Debug|x86
		{32AC6F34-9A54-4342-B3DE-EA64077D0C46}.Debug|Any CPU.Build.0 = Debug|x86
		{32AC6F34-9A54-4342-B3DE-EA64077D0C46}.Debug|x86.ActiveCfg = Debug|x86
		{32AC6F34-9A54-4342-B3DE-EA64077D0C46}.Debug|x86.Build.0 = Debug|x86
		{32AC6F34-9A54-4342-B3DE-EA64077D0C46}.Production|Any CPU.ActiveCfg = Release|Any CPU
		{32AC6F34-9A54-4342-B3DE-EA64077D0C46}.Production|Any CPU.Build.0 = Release|Any CPU
		{32AC6F34-9A54-4342-B3DE-EA64077D0C46}.Production|x86.ActiveCfg = Release|x86
		{32AC6F34-9A54-4342-B3DE-EA64077D0C46}.Production|x86.Build.0 = Release|x86
		{32AC6F34-9A54-4342-B3DE-EA64077D0C46}.Release|Any CPU.ActiveCfg = Release|Any CPU
		{32AC6F34-9A54-4342-B3DE-EA64077D0C46}.Release|Any CPU.Build.0 = Release|Any CPU
		{32AC6F34-9A54-4342-B3DE-EA64077D0C46}.Release|x86.ActiveCfg = Release|x86
		{32AC6F34-9A54-4342-B3DE-EA64077D0C46}.Release|x86.Build.0 = Release|x86
		{C2D6EFBE-279F-42B1-B0BC-F2862693ECD9}.Debug|Any CPU.ActiveCfg = Debug|x86
		{C2D6EFBE-279F-42B1-B0BC-F2862693ECD9}.Debug|Any CPU.Build.0 = Debug|x86
		{C2D6EFBE-279F-42B1-B0BC-F2862693ECD9}.Debug|x86.ActiveCfg = Debug|x86
		{C2D6EFBE-279F-42B1-B0BC-F2862693ECD9}.Debug|x86.Build.0 = Debug|x86
		{C2D6EFBE-279F-42B1-B0BC-F2862693ECD9}.Production|Any CPU.ActiveCfg = Release|Any CPU
		{C2D6EFBE-279F-42B1-B0BC-F2862693ECD9}.Production|Any CPU.Build.0 = Release|Any CPU
		{C2D6EFBE-279F-42B1-B0BC-F2862693ECD9}.Production|x86.ActiveCfg = Release|x86
		{C2D6EFBE-279F-42B1-B0BC-F2862693ECD9}.Production|x86.Build.0 = Release|x86
		{C2D6EFBE-279F-42B1-B0BC-F2862693ECD9}.Release|Any CPU.ActiveCfg = Release|Any CPU
		{C2D6EFBE-279F-42B1-B0BC-F2862693ECD9}.Release|Any CPU.Build.0 = Release|Any CPU
		{C2D6EFBE-279F-42B1-B0BC-F2862693ECD9}.Release|x86.ActiveCfg = Release|x86
		{C2D6EFBE-279F-42B1-B0BC-F2862693ECD9}.Release|x86.Build.0 = Release|x86
		{E02CDDB9-B7FA-4ABE-B957-8F7F08668211}.Debug|Any CPU.ActiveCfg = Debug|x86
		{E02CDDB9-B7FA-4ABE-B957-8F7F08668211}.Debug|Any CPU.Build.0 = Debug|x86
		{E02CDDB9-B7FA-4ABE-B957-8F7F08668211}.Debug|x86.ActiveCfg = Debug|x86
		{E02CDDB9-B7FA-4ABE-B957-8F7F08668211}.Debug|x86.Build.0 = Debug|x86
		{E02CDDB9-B7FA-4ABE-B957-8F7F08668211}.Production|Any CPU.ActiveCfg = Release|Any CPU
		{E02CDDB9-B7FA-4ABE-B957-8F7F08668211}.Production|Any CPU.Build.0 = Release|Any CPU
		{E02CDDB9-B7FA-4ABE-B957-8F7F08668211}.Production|x86.ActiveCfg = Release|x86
		{E02CDDB9-B7FA-4ABE-B957-8F7F08668211}.Production|x86.Build.0 = Release|x86
		{E02CDDB9-B7FA-4ABE-B957-8F7F08668211}.Release|Any CPU.ActiveCfg = Release|Any CPU
		{E02CDDB9-B7FA-4ABE-B957-8F7F08668211}.Release|Any CPU.Build.0 = Release|Any CPU
		{E02CDDB9-B7FA-4ABE-B957-8F7F08668211}.Release|x86.ActiveCfg = Release|x86
		{E02CDDB9-B7FA-4ABE-B957-8F7F08668211}.Release|x86.Build.0 = Release|x86
		{051E4E3D-08C7-4D79-BEB2-079F61FAB90B}.Debug|Any CPU.ActiveCfg = Debug|x86
		{051E4E3D-08C7-4D79-BEB2-079F61FAB90B}.Debug|Any CPU.Build.0 = Debug|x86
		{051E4E3D-08C7-4D79-BEB2-079F61FAB90B}.Debug|x86.ActiveCfg = Debug|x86
		{051E4E3D-08C7-4D79-BEB2-079F61FAB90B}.Debug|x86.Build.0 = Debug|x86
		{051E4E3D-08C7-4D79-BEB2-079F61FAB90B}.Production|Any CPU.ActiveCfg = Release|Any CPU
		{051E4E3D-08C7-4D79-BEB2-079F61FAB90B}.Production|Any CPU.Build.0 = Release|Any CPU
		{051E4E3D-08C7-4D79-BEB2-079F61FAB90B}.Production|x86.ActiveCfg = Release|x86
		{051E4E3D-08C7-4D79-BEB2-079F61FAB90B}.Production|x86.Build.0 = Release|x86
		{051E4E3D-08C7-4D79-BEB2-079F61FAB90B}.Release|Any CPU.ActiveCfg = Release|Any CPU
		{051E4E3D-08C7-4D79-BEB2-079F61FAB90B}.Release|Any CPU.Build.0 = Release|Any CPU
		{051E4E3D-08C7-4D79-BEB2-079F61FAB90B}.Release|x86.ActiveCfg = Release|x86
		{051E4E3D-08C7-4D79-BEB2-079F61FAB90B}.Release|x86.Build.0 = Release|x86
		{22B9A1FA-46A4-4826-970D-5321B260F42E}.Debug|Any CPU.ActiveCfg = Debug|Any CPU
		{22B9A1FA-46A4-4826-970D-5321B260F42E}.Debug|x86.ActiveCfg = Debug|x86
		{22B9A1FA-46A4-4826-970D-5321B260F42E}.Production|Any CPU.ActiveCfg = Release|Any CPU
		{22B9A1FA-46A4-4826-970D-5321B260F42E}.Production|Any CPU.Build.0 = Release|Any CPU
		{22B9A1FA-46A4-4826-970D-5321B260F42E}.Production|x86.ActiveCfg = Release|x86
		{22B9A1FA-46A4-4826-970D-5321B260F42E}.Production|x86.Build.0 = Release|x86
		{22B9A1FA-46A4-4826-970D-5321B260F42E}.Release|Any CPU.ActiveCfg = Release|Any CPU
		{22B9A1FA-46A4-4826-970D-5321B260F42E}.Release|Any CPU.Build.0 = Release|Any CPU
		{22B9A1FA-46A4-4826-970D-5321B260F42E}.Release|x86.ActiveCfg = Release|x86
		{22B9A1FA-46A4-4826-970D-5321B260F42E}.Release|x86.Build.0 = Release|x86
		{71627A9C-06CA-4157-8F0D-4C68D2668424}.Debug|Any CPU.ActiveCfg = Debug|x86
		{71627A9C-06CA-4157-8F0D-4C68D2668424}.Debug|Any CPU.Build.0 = Debug|x86
		{71627A9C-06CA-4157-8F0D-4C68D2668424}.Debug|x86.ActiveCfg = Debug|x86
		{71627A9C-06CA-4157-8F0D-4C68D2668424}.Debug|x86.Build.0 = Debug|x86
		{71627A9C-06CA-4157-8F0D-4C68D2668424}.Production|Any CPU.ActiveCfg = Release|Any CPU
		{71627A9C-06CA-4157-8F0D-4C68D2668424}.Production|Any CPU.Build.0 = Release|Any CPU
		{71627A9C-06CA-4157-8F0D-4C68D2668424}.Production|x86.ActiveCfg = Release|x86
		{71627A9C-06CA-4157-8F0D-4C68D2668424}.Production|x86.Build.0 = Release|x86
		{71627A9C-06CA-4157-8F0D-4C68D2668424}.Release|Any CPU.ActiveCfg = Release|Any CPU
		{71627A9C-06CA-4157-8F0D-4C68D2668424}.Release|Any CPU.Build.0 = Release|Any CPU
		{71627A9C-06CA-4157-8F0D-4C68D2668424}.Release|x86.ActiveCfg = Release|x86
		{71627A9C-06CA-4157-8F0D-4C68D2668424}.Release|x86.Build.0 = Release|x86
		{8150B163-159A-4F90-9454-B986D471C8F1}.Debug|Any CPU.ActiveCfg = Debug|Any CPU
		{8150B163-159A-4F90-9454-B986D471C8F1}.Debug|x86.ActiveCfg = Debug|x86
		{8150B163-159A-4F90-9454-B986D471C8F1}.Production|Any CPU.ActiveCfg = Release|Any CPU
		{8150B163-159A-4F90-9454-B986D471C8F1}.Production|Any CPU.Build.0 = Release|Any CPU
		{8150B163-159A-4F90-9454-B986D471C8F1}.Production|x86.ActiveCfg = Release|x86
		{8150B163-159A-4F90-9454-B986D471C8F1}.Production|x86.Build.0 = Release|x86
		{8150B163-159A-4F90-9454-B986D471C8F1}.Release|Any CPU.ActiveCfg = Release|Any CPU
		{8150B163-159A-4F90-9454-B986D471C8F1}.Release|Any CPU.Build.0 = Release|Any CPU
		{8150B163-159A-4F90-9454-B986D471C8F1}.Release|x86.ActiveCfg = Release|x86
		{8150B163-159A-4F90-9454-B986D471C8F1}.Release|x86.Build.0 = Release|x86
		{2F9810B0-CA82-45B3-9AC9-F4B5915F23F7}.Debug|Any CPU.ActiveCfg = Debug|x86
		{2F9810B0-CA82-45B3-9AC9-F4B5915F23F7}.Debug|x86.ActiveCfg = Debug|x86
		{2F9810B0-CA82-45B3-9AC9-F4B5915F23F7}.Production|Any CPU.ActiveCfg = Release|Any CPU
		{2F9810B0-CA82-45B3-9AC9-F4B5915F23F7}.Production|x86.ActiveCfg = Release|x86
		{2F9810B0-CA82-45B3-9AC9-F4B5915F23F7}.Release|Any CPU.ActiveCfg = Release|Any CPU
		{2F9810B0-CA82-45B3-9AC9-F4B5915F23F7}.Release|Any CPU.Build.0 = Release|Any CPU
		{2F9810B0-CA82-45B3-9AC9-F4B5915F23F7}.Release|x86.ActiveCfg = Release|x86
		{2F9810B0-CA82-45B3-9AC9-F4B5915F23F7}.Release|x86.Build.0 = Release|x86
		{2A224CE9-C53E-480F-B7FC-675EFBE187B0}.Debug|Any CPU.ActiveCfg = Debug|x86
		{2A224CE9-C53E-480F-B7FC-675EFBE187B0}.Debug|Any CPU.Build.0 = Debug|x86
		{2A224CE9-C53E-480F-B7FC-675EFBE187B0}.Debug|x86.ActiveCfg = Debug|x86
		{2A224CE9-C53E-480F-B7FC-675EFBE187B0}.Debug|x86.Build.0 = Debug|x86
		{2A224CE9-C53E-480F-B7FC-675EFBE187B0}.Production|Any CPU.ActiveCfg = Release|Any CPU
		{2A224CE9-C53E-480F-B7FC-675EFBE187B0}.Production|Any CPU.Build.0 = Release|Any CPU
		{2A224CE9-C53E-480F-B7FC-675EFBE187B0}.Production|x86.ActiveCfg = Release|x86
		{2A224CE9-C53E-480F-B7FC-675EFBE187B0}.Production|x86.Build.0 = Release|x86
		{2A224CE9-C53E-480F-B7FC-675EFBE187B0}.Release|Any CPU.ActiveCfg = Release|Any CPU
		{2A224CE9-C53E-480F-B7FC-675EFBE187B0}.Release|Any CPU.Build.0 = Release|Any CPU
		{2A224CE9-C53E-480F-B7FC-675EFBE187B0}.Release|x86.ActiveCfg = Release|x86
		{2A224CE9-C53E-480F-B7FC-675EFBE187B0}.Release|x86.Build.0 = Release|x86
		{626A7991-A1F9-4F2D-B8E4-3EA411D60814}.Debug|Any CPU.ActiveCfg = Debug|x86
		{626A7991-A1F9-4F2D-B8E4-3EA411D60814}.Debug|Any CPU.Build.0 = Debug|x86
		{626A7991-A1F9-4F2D-B8E4-3EA411D60814}.Debug|x86.ActiveCfg = Debug|x86
		{626A7991-A1F9-4F2D-B8E4-3EA411D60814}.Debug|x86.Build.0 = Debug|x86
		{626A7991-A1F9-4F2D-B8E4-3EA411D60814}.Production|Any CPU.ActiveCfg = Release|Any CPU
		{626A7991-A1F9-4F2D-B8E4-3EA411D60814}.Production|Any CPU.Build.0 = Release|Any CPU
		{626A7991-A1F9-4F2D-B8E4-3EA411D60814}.Production|x86.ActiveCfg = Release|x86
		{626A7991-A1F9-4F2D-B8E4-3EA411D60814}.Production|x86.Build.0 = Release|x86
		{626A7991-A1F9-4F2D-B8E4-3EA411D60814}.Release|Any CPU.ActiveCfg = Release|Any CPU
		{626A7991-A1F9-4F2D-B8E4-3EA411D60814}.Release|Any CPU.Build.0 = Release|Any CPU
		{626A7991-A1F9-4F2D-B8E4-3EA411D60814}.Release|x86.ActiveCfg = Release|x86
		{626A7991-A1F9-4F2D-B8E4-3EA411D60814}.Release|x86.Build.0 = Release|x86
		{3061B709-14AF-42DE-A9D6-212606C5FF51}.Debug|Any CPU.ActiveCfg = Debug|x86
		{3061B709-14AF-42DE-A9D6-212606C5FF51}.Debug|Any CPU.Build.0 = Debug|x86
		{3061B709-14AF-42DE-A9D6-212606C5FF51}.Debug|x86.ActiveCfg = Debug|x86
		{3061B709-14AF-42DE-A9D6-212606C5FF51}.Debug|x86.Build.0 = Debug|x86
		{3061B709-14AF-42DE-A9D6-212606C5FF51}.Production|Any CPU.ActiveCfg = Release|Any CPU
		{3061B709-14AF-42DE-A9D6-212606C5FF51}.Production|Any CPU.Build.0 = Release|Any CPU
		{3061B709-14AF-42DE-A9D6-212606C5FF51}.Production|x86.ActiveCfg = Release|x86
		{3061B709-14AF-42DE-A9D6-212606C5FF51}.Production|x86.Build.0 = Release|x86
		{3061B709-14AF-42DE-A9D6-212606C5FF51}.Release|Any CPU.ActiveCfg = Release|Any CPU
		{3061B709-14AF-42DE-A9D6-212606C5FF51}.Release|Any CPU.Build.0 = Release|Any CPU
		{3061B709-14AF-42DE-A9D6-212606C5FF51}.Release|x86.ActiveCfg = Release|x86
		{3061B709-14AF-42DE-A9D6-212606C5FF51}.Release|x86.Build.0 = Release|x86
		{D432F030-D126-4D0F-A539-FA90DECEC972}.Debug|Any CPU.ActiveCfg = Debug|x86
		{D432F030-D126-4D0F-A539-FA90DECEC972}.Debug|Any CPU.Build.0 = Debug|x86
		{D432F030-D126-4D0F-A539-FA90DECEC972}.Debug|x86.ActiveCfg = Debug|x86
		{D432F030-D126-4D0F-A539-FA90DECEC972}.Debug|x86.Build.0 = Debug|x86
		{D432F030-D126-4D0F-A539-FA90DECEC972}.Production|Any CPU.ActiveCfg = Release|Any CPU
		{D432F030-D126-4D0F-A539-FA90DECEC972}.Production|Any CPU.Build.0 = Release|Any CPU
		{D432F030-D126-4D0F-A539-FA90DECEC972}.Production|x86.ActiveCfg = Release|x86
		{D432F030-D126-4D0F-A539-FA90DECEC972}.Production|x86.Build.0 = Release|x86
		{D432F030-D126-4D0F-A539-FA90DECEC972}.Release|Any CPU.ActiveCfg = Release|Any CPU
		{D432F030-D126-4D0F-A539-FA90DECEC972}.Release|Any CPU.Build.0 = Release|Any CPU
		{D432F030-D126-4D0F-A539-FA90DECEC972}.Release|x86.ActiveCfg = Release|x86
		{D432F030-D126-4D0F-A539-FA90DECEC972}.Release|x86.Build.0 = Release|x86
		{05CB08C8-4472-4528-859D-ACF86EE9CC3D}.Debug|Any CPU.ActiveCfg = Debug|x86
		{05CB08C8-4472-4528-859D-ACF86EE9CC3D}.Debug|Any CPU.Build.0 = Debug|x86
		{05CB08C8-4472-4528-859D-ACF86EE9CC3D}.Debug|x86.ActiveCfg = Debug|x86
		{05CB08C8-4472-4528-859D-ACF86EE9CC3D}.Debug|x86.Build.0 = Debug|x86
		{05CB08C8-4472-4528-859D-ACF86EE9CC3D}.Production|Any CPU.ActiveCfg = Release|Any CPU
		{05CB08C8-4472-4528-859D-ACF86EE9CC3D}.Production|Any CPU.Build.0 = Release|Any CPU
		{05CB08C8-4472-4528-859D-ACF86EE9CC3D}.Production|x86.ActiveCfg = Release|x86
		{05CB08C8-4472-4528-859D-ACF86EE9CC3D}.Production|x86.Build.0 = Release|x86
		{05CB08C8-4472-4528-859D-ACF86EE9CC3D}.Release|Any CPU.ActiveCfg = Release|Any CPU
		{05CB08C8-4472-4528-859D-ACF86EE9CC3D}.Release|Any CPU.Build.0 = Release|Any CPU
		{05CB08C8-4472-4528-859D-ACF86EE9CC3D}.Release|x86.ActiveCfg = Release|x86
		{05CB08C8-4472-4528-859D-ACF86EE9CC3D}.Release|x86.Build.0 = Release|x86
		{5990E464-6EB4-4B7F-A67D-C3C8DF12D97E}.Debug|Any CPU.ActiveCfg = Debug|x86
		{5990E464-6EB4-4B7F-A67D-C3C8DF12D97E}.Debug|Any CPU.Build.0 = Debug|x86
		{5990E464-6EB4-4B7F-A67D-C3C8DF12D97E}.Debug|x86.ActiveCfg = Debug|x86
		{5990E464-6EB4-4B7F-A67D-C3C8DF12D97E}.Debug|x86.Build.0 = Debug|x86
		{5990E464-6EB4-4B7F-A67D-C3C8DF12D97E}.Production|Any CPU.ActiveCfg = Release|Any CPU
		{5990E464-6EB4-4B7F-A67D-C3C8DF12D97E}.Production|Any CPU.Build.0 = Release|Any CPU
		{5990E464-6EB4-4B7F-A67D-C3C8DF12D97E}.Production|x86.ActiveCfg = Release|x86
		{5990E464-6EB4-4B7F-A67D-C3C8DF12D97E}.Production|x86.Build.0 = Release|x86
		{5990E464-6EB4-4B7F-A67D-C3C8DF12D97E}.Release|Any CPU.ActiveCfg = Release|Any CPU
		{5990E464-6EB4-4B7F-A67D-C3C8DF12D97E}.Release|Any CPU.Build.0 = Release|Any CPU
		{5990E464-6EB4-4B7F-A67D-C3C8DF12D97E}.Release|x86.ActiveCfg = Release|x86
		{5990E464-6EB4-4B7F-A67D-C3C8DF12D97E}.Release|x86.Build.0 = Release|x86
		{EB136E15-C20A-4E9C-A027-19D4EB943D26}.Debug|Any CPU.ActiveCfg = Debug|Any CPU
		{EB136E15-C20A-4E9C-A027-19D4EB943D26}.Debug|Any CPU.Build.0 = Debug|Any CPU
		{EB136E15-C20A-4E9C-A027-19D4EB943D26}.Debug|x86.ActiveCfg = Debug|Any CPU
		{EB136E15-C20A-4E9C-A027-19D4EB943D26}.Production|Any CPU.ActiveCfg = Release|Any CPU
		{EB136E15-C20A-4E9C-A027-19D4EB943D26}.Production|Any CPU.Build.0 = Release|Any CPU
		{EB136E15-C20A-4E9C-A027-19D4EB943D26}.Production|x86.ActiveCfg = Release|Any CPU
		{EB136E15-C20A-4E9C-A027-19D4EB943D26}.Production|x86.Build.0 = Release|Any CPU
		{EB136E15-C20A-4E9C-A027-19D4EB943D26}.Release|Any CPU.ActiveCfg = Release|Any CPU
		{EB136E15-C20A-4E9C-A027-19D4EB943D26}.Release|Any CPU.Build.0 = Release|Any CPU
		{EB136E15-C20A-4E9C-A027-19D4EB943D26}.Release|x86.ActiveCfg = Release|Any CPU
		{EB136E15-C20A-4E9C-A027-19D4EB943D26}.Release|x86.Build.0 = Release|Any CPU
		{67CBC824-A49E-4E9B-A947-360F3DFE65C3}.Debug|Any CPU.ActiveCfg = Debug|Any CPU
		{67CBC824-A49E-4E9B-A947-360F3DFE65C3}.Debug|x86.ActiveCfg = Debug|Any CPU
		{67CBC824-A49E-4E9B-A947-360F3DFE65C3}.Debug|x86.Build.0 = Debug|Any CPU
		{67CBC824-A49E-4E9B-A947-360F3DFE65C3}.Debug|x86.Deploy.0 = Debug|Any CPU
		{67CBC824-A49E-4E9B-A947-360F3DFE65C3}.Production|Any CPU.ActiveCfg = Release|Any CPU
		{67CBC824-A49E-4E9B-A947-360F3DFE65C3}.Production|Any CPU.Build.0 = Release|Any CPU
		{67CBC824-A49E-4E9B-A947-360F3DFE65C3}.Production|Any CPU.Deploy.0 = Release|Any CPU
		{67CBC824-A49E-4E9B-A947-360F3DFE65C3}.Production|x86.ActiveCfg = Release|Any CPU
		{67CBC824-A49E-4E9B-A947-360F3DFE65C3}.Production|x86.Build.0 = Release|Any CPU
		{67CBC824-A49E-4E9B-A947-360F3DFE65C3}.Production|x86.Deploy.0 = Release|Any CPU
		{67CBC824-A49E-4E9B-A947-360F3DFE65C3}.Release|Any CPU.ActiveCfg = Release|Any CPU
		{67CBC824-A49E-4E9B-A947-360F3DFE65C3}.Release|Any CPU.Build.0 = Release|Any CPU
		{67CBC824-A49E-4E9B-A947-360F3DFE65C3}.Release|Any CPU.Deploy.0 = Release|Any CPU
		{67CBC824-A49E-4E9B-A947-360F3DFE65C3}.Release|x86.ActiveCfg = Release|Any CPU
		{67CBC824-A49E-4E9B-A947-360F3DFE65C3}.Release|x86.Build.0 = Release|Any CPU
		{67CBC824-A49E-4E9B-A947-360F3DFE65C3}.Release|x86.Deploy.0 = Release|Any CPU
		{724188FC-E56B-4962-8C7A-76F49F9BA894}.Debug|Any CPU.ActiveCfg = Debug|Any CPU
		{724188FC-E56B-4962-8C7A-76F49F9BA894}.Debug|Any CPU.Build.0 = Debug|Any CPU
		{724188FC-E56B-4962-8C7A-76F49F9BA894}.Debug|x86.ActiveCfg = Debug|Any CPU
		{724188FC-E56B-4962-8C7A-76F49F9BA894}.Debug|x86.Build.0 = Debug|Any CPU
		{724188FC-E56B-4962-8C7A-76F49F9BA894}.Production|Any CPU.ActiveCfg = Release|Any CPU
		{724188FC-E56B-4962-8C7A-76F49F9BA894}.Production|Any CPU.Build.0 = Release|Any CPU
		{724188FC-E56B-4962-8C7A-76F49F9BA894}.Production|x86.ActiveCfg = Release|Any CPU
		{724188FC-E56B-4962-8C7A-76F49F9BA894}.Production|x86.Build.0 = Release|Any CPU
		{724188FC-E56B-4962-8C7A-76F49F9BA894}.Release|Any CPU.ActiveCfg = Release|Any CPU
		{724188FC-E56B-4962-8C7A-76F49F9BA894}.Release|Any CPU.Build.0 = Release|Any CPU
		{724188FC-E56B-4962-8C7A-76F49F9BA894}.Release|x86.ActiveCfg = Release|Any CPU
		{724188FC-E56B-4962-8C7A-76F49F9BA894}.Release|x86.Build.0 = Release|Any CPU
		{6ABC6B77-66A0-4C76-ACDB-C1001ADCCC13}.Debug|Any CPU.ActiveCfg = Debug
		{6ABC6B77-66A0-4C76-ACDB-C1001ADCCC13}.Debug|x86.ActiveCfg = Debug
		{6ABC6B77-66A0-4C76-ACDB-C1001ADCCC13}.Debug|x86.Build.0 = Debug
		{6ABC6B77-66A0-4C76-ACDB-C1001ADCCC13}.Production|Any CPU.ActiveCfg = Release
		{6ABC6B77-66A0-4C76-ACDB-C1001ADCCC13}.Production|Any CPU.Build.0 = Release
		{6ABC6B77-66A0-4C76-ACDB-C1001ADCCC13}.Production|x86.ActiveCfg = Release
		{6ABC6B77-66A0-4C76-ACDB-C1001ADCCC13}.Production|x86.Build.0 = Release
		{6ABC6B77-66A0-4C76-ACDB-C1001ADCCC13}.Release|Any CPU.ActiveCfg = Release
		{6ABC6B77-66A0-4C76-ACDB-C1001ADCCC13}.Release|x86.ActiveCfg = Release
		{DC9BBEFA-4AB9-442A-9018-BA6D0F5E6EBD}.Debug|Any CPU.ActiveCfg = Debug
		{DC9BBEFA-4AB9-442A-9018-BA6D0F5E6EBD}.Debug|x86.ActiveCfg = Debug
		{DC9BBEFA-4AB9-442A-9018-BA6D0F5E6EBD}.Debug|x86.Build.0 = Debug
		{DC9BBEFA-4AB9-442A-9018-BA6D0F5E6EBD}.Production|Any CPU.ActiveCfg = Release
		{DC9BBEFA-4AB9-442A-9018-BA6D0F5E6EBD}.Production|Any CPU.Build.0 = Release
		{DC9BBEFA-4AB9-442A-9018-BA6D0F5E6EBD}.Production|x86.ActiveCfg = Release
		{DC9BBEFA-4AB9-442A-9018-BA6D0F5E6EBD}.Production|x86.Build.0 = Release
		{DC9BBEFA-4AB9-442A-9018-BA6D0F5E6EBD}.Release|Any CPU.ActiveCfg = Release
		{DC9BBEFA-4AB9-442A-9018-BA6D0F5E6EBD}.Release|x86.ActiveCfg = Release
		{A0385BBC-B00B-40B7-B9A6-081FEE533B76}.Debug|Any CPU.ActiveCfg = Debug|x86
		{A0385BBC-B00B-40B7-B9A6-081FEE533B76}.Debug|Any CPU.Build.0 = Debug|x86
		{A0385BBC-B00B-40B7-B9A6-081FEE533B76}.Debug|x86.ActiveCfg = Debug|Any CPU
		{A0385BBC-B00B-40B7-B9A6-081FEE533B76}.Debug|x86.Build.0 = Debug|Any CPU
		{A0385BBC-B00B-40B7-B9A6-081FEE533B76}.Production|Any CPU.ActiveCfg = Debug|Any CPU
		{A0385BBC-B00B-40B7-B9A6-081FEE533B76}.Production|Any CPU.Build.0 = Debug|Any CPU
		{A0385BBC-B00B-40B7-B9A6-081FEE533B76}.Production|x86.ActiveCfg = Debug|Any CPU
		{A0385BBC-B00B-40B7-B9A6-081FEE533B76}.Production|x86.Build.0 = Debug|Any CPU
		{A0385BBC-B00B-40B7-B9A6-081FEE533B76}.Release|Any CPU.ActiveCfg = Release|Any CPU
		{A0385BBC-B00B-40B7-B9A6-081FEE533B76}.Release|Any CPU.Build.0 = Release|Any CPU
		{A0385BBC-B00B-40B7-B9A6-081FEE533B76}.Release|x86.ActiveCfg = Release|Any CPU
		{A0385BBC-B00B-40B7-B9A6-081FEE533B76}.Release|x86.Build.0 = Release|Any CPU
		{071D5A34-E7F5-412B-A716-34E24F72E5B2}.Debug|Any CPU.ActiveCfg = Debug|Any CPU
		{071D5A34-E7F5-412B-A716-34E24F72E5B2}.Debug|Any CPU.Build.0 = Debug|Any CPU
		{071D5A34-E7F5-412B-A716-34E24F72E5B2}.Debug|x86.ActiveCfg = Debug|Any CPU
		{071D5A34-E7F5-412B-A716-34E24F72E5B2}.Debug|x86.Build.0 = Debug|Any CPU
		{071D5A34-E7F5-412B-A716-34E24F72E5B2}.Production|Any CPU.ActiveCfg = Debug|Any CPU
		{071D5A34-E7F5-412B-A716-34E24F72E5B2}.Production|Any CPU.Build.0 = Debug|Any CPU
		{071D5A34-E7F5-412B-A716-34E24F72E5B2}.Production|x86.ActiveCfg = Debug|Any CPU
		{071D5A34-E7F5-412B-A716-34E24F72E5B2}.Production|x86.Build.0 = Debug|Any CPU
		{071D5A34-E7F5-412B-A716-34E24F72E5B2}.Release|Any CPU.ActiveCfg = Release|Any CPU
		{071D5A34-E7F5-412B-A716-34E24F72E5B2}.Release|Any CPU.Build.0 = Release|Any CPU
		{071D5A34-E7F5-412B-A716-34E24F72E5B2}.Release|x86.ActiveCfg = Release|Any CPU
		{071D5A34-E7F5-412B-A716-34E24F72E5B2}.Release|x86.Build.0 = Release|Any CPU
	EndGlobalSection
	GlobalSection(SolutionProperties) = preSolution
		HideSolutionNode = FALSE
	EndGlobalSection
	GlobalSection(NestedProjects) = preSolution
		{0CC2AA65-6275-4EAB-9140-AC29507EB2EB} = {2AE1BBC1-199E-4D1B-9DA0-BEB29FB3DA2F}
		{1817D402-7A3F-40D1-9AB7-0505704DA589} = {0CC2AA65-6275-4EAB-9140-AC29507EB2EB}
		{30E64A71-66A9-4B5C-8839-2B602F16B1AE} = {2AE1BBC1-199E-4D1B-9DA0-BEB29FB3DA2F}
		{E7685257-157F-471B-8C23-ECF70E56CF9E} = {2AE1BBC1-199E-4D1B-9DA0-BEB29FB3DA2F}
	EndGlobalSection
	GlobalSection(ExtensibilityGlobals) = postSolution
		SolutionGuid = {60B4A226-6BC3-482E-B72C-3DCBD69736CC}
	EndGlobalSection
	GlobalSection(TeamFoundationVersionControl) = preSolution
		SccNumberOfProjects = 22
		SccEnterpriseProvider = {4CA58AB2-18FA-4F8D-95D4-32DDF27D184C}
		SccTeamFoundationServer = https://dev.azure.com/statline
		SccLocalPath0 = .
		SccProjectUniqueName1 = BusinessRules\\Statline.Stattrac.BusinessRules.csproj
		SccProjectName1 = BusinessRules
		SccLocalPath1 = BusinessRules
		SccProjectUniqueName2 = Common\\Statline.Stattrac.Common.csproj
		SccProjectName2 = Common
		SccLocalPath2 = Common
		SccProjectUniqueName3 = Constant\\Statline.Stattrac.Constant.csproj
		SccProjectName3 = Constant
		SccLocalPath3 = Constant
		SccProjectUniqueName4 = Data\\Types\\Statline.Stattrac.Data.Types.csproj
		SccProjectName4 = Data/Types
		SccLocalPath4 = Data\\Types
		SccProjectUniqueName5 = DataAccess\\Statline.Stattrac.DataAccess.csproj
		SccProjectName5 = DataAccess
		SccLocalPath5 = DataAccess
		SccProjectUniqueName6 = Framework\\Statline.Stattrac.Framework.csproj
		SccProjectName6 = Framework
		SccLocalPath6 = Framework
		SccProjectUniqueName7 = NetworkSetup\\Statline.Stattrac.NetworkSetup.csproj
		SccProjectName7 = NetworkSetup
		SccLocalPath7 = NetworkSetup
		SccProjectUniqueName8 = Security\\Statline.Stattrac.Security.csproj
		SccProjectName8 = Security
		SccLocalPath8 = Security
		SccProjectUniqueName9 = SetupCustomAction\\Statline.Stattrac.SetupCustomAction.csproj
		SccProjectName9 = SetupCustomAction
		SccLocalPath9 = SetupCustomAction
		SccProjectUniqueName10 = SolutionItems\\SolutionItems.csproj
		SccProjectName10 = SolutionItems
		SccLocalPath10 = SolutionItems
		SccProjectUniqueName11 = Statline.StatTrac.Test\\Statline.Stattrac.Test.csproj
		SccProjectName11 = Statline.StatTrac.Test
		SccLocalPath11 = Statline.StatTrac.Test
		SccProjectUniqueName12 = Windows\\Controls\\Statline.Stattrac.Windows.Controls.csproj
		SccProjectName12 = Windows/Controls
		SccLocalPath12 = Windows\\Controls
		SccProjectUniqueName13 = Windows\\CSharpUIMap\\Statline.Stattrac.Windows.CSharpUIMap.csproj
		SccProjectName13 = Windows/CSharpUIMap
		SccLocalPath13 = Windows\\CSharpUIMap
		SccProjectUniqueName14 = Windows\\Statline.Stattrac.Windows.csproj
		SccProjectName14 = Windows
		SccLocalPath14 = Windows
		SccProjectUniqueName15 = Windows\\UI\\Statline.Stattrac.Windows.UI.csproj
		SccProjectName15 = Windows/UI
		SccLocalPath15 = Windows\\UI
		SccProjectUniqueName16 = Windows\\VBUI\\Stattrac.vbproj
		SccProjectName16 = Windows/VBUI
		SccLocalPath16 = Windows\\VBUI
		SccProjectUniqueName17 = Windows\\VBUIMap\\Statline.Stattrac.Windows.VBUIMap.csproj
		SccProjectName17 = Windows/VBUIMap
		SccLocalPath17 = Windows\\VBUIMap
		SccProjectUniqueName18 = Database\\Statline.Stattrac.Database.sqlproj
		SccProjectName18 = Database
		SccLocalPath18 = Database
		SccProjectUniqueName19 = DlaTranslator\\Statline.Stattrac.DlaTranslator.csproj
		SccProjectName19 = DlaTranslator
		SccLocalPath19 = DlaTranslator
		SccProjectUniqueName20 = Windows\\CSUI\\StattracCS.csproj
		SccProjectName20 = Windows/CSUI
		SccLocalPath20 = Windows\\CSUI
		SccProjectUniqueName21 = Windows\\StattracCS.Tests\\StattracCS.Tests.csproj
		SccProjectName21 = Windows/StattracCS.Tests
		SccLocalPath21 = Windows\\StattracCS.Tests
	EndGlobalSection
EndGlobal
